PODS:
  - AFNetworking (1.3.4)
  - DACircularProgress (2.2.0)
  - pop (1.0.6)

DEPENDENCIES:
  - AFNetworking (= 1.3.4)
  - DACircularProgress
  - pop

SPEC CHECKSUMS:
  AFNetworking: 80c4e0652b08eb34e25b9c0ff3c82556fe5967b4
  DACircularProgress: 3b41941891a56dc6aa17971f5322a9a38a6f446e
  pop: e518794da38942c05255eb64b36d894e70cb4f00

COCOAPODS: 0.33.1
